// !$*UTF8*$!
{
	archiveVersion = 1;
	classes = {
	};
	objectVersion = 46;
	objects = {

/* Begin PBXBuildFile section */
		627EFA3DC5CC643039870F71 /* libPods-mediawave.a in Frameworks */ = {isa = PBXBuildFile; fileRef = B573DF98BBC8238411C5E3DD /* libPods-mediawave.a */; };
		990837571C9C1209003CA0C0 /* GZQueueManager.swift in Sources */ = {isa = PBXBuildFile; fileRef = 990837561C9C1209003CA0C0 /* GZQueueManager.swift */; };
		990837591C9C1F2A003CA0C0 /* GZdownloadLastfmArtistsInfoByMbID.swift in Sources */ = {isa = PBXBuildFile; fileRef = 990837581C9C1F2A003CA0C0 /* GZdownloadLastfmArtistsInfoByMbID.swift */; };
		9910F25E1C7089A20091E4F8 /* GZTrack.swift in Sources */ = {isa = PBXBuildFile; fileRef = 9910F25D1C7089A20091E4F8 /* GZTrack.swift */; };
		9910F2601C708BB50091E4F8 /* GZArtist.swift in Sources */ = {isa = PBXBuildFile; fileRef = 9910F25F1C708BB50091E4F8 /* GZArtist.swift */; };
		9910F2621C708DA40091E4F8 /* GZAlbum.swift in Sources */ = {isa = PBXBuildFile; fileRef = 9910F2611C708DA40091E4F8 /* GZAlbum.swift */; };
		9910F2641C708E8C0091E4F8 /* GZPlaylist.swift in Sources */ = {isa = PBXBuildFile; fileRef = 9910F2631C708E8C0091E4F8 /* GZPlaylist.swift */; };
		9910F26A1C73600D0091E4F8 /* GZPlaylistManager.swift in Sources */ = {isa = PBXBuildFile; fileRef = 9910F2691C73600D0091E4F8 /* GZPlaylistManager.swift */; };
		9910F26C1C736C6B0091E4F8 /* GZTracksManager.swift in Sources */ = {isa = PBXBuildFile; fileRef = 9910F26B1C736C6B0091E4F8 /* GZTracksManager.swift */; };
		9910F2741C7379C30091E4F8 /* GZArtistManager.swift in Sources */ = {isa = PBXBuildFile; fileRef = 9910F2731C7379C30091E4F8 /* GZArtistManager.swift */; };
		9910F2761C737BA10091E4F8 /* GZAlbumManager.swift in Sources */ = {isa = PBXBuildFile; fileRef = 9910F2751C737BA10091E4F8 /* GZAlbumManager.swift */; };
		99209F761CADDD26003DB829 /* GZDescriptionTableViewCell.xib in Resources */ = {isa = PBXBuildFile; fileRef = 99209F751CADDD26003DB829 /* GZDescriptionTableViewCell.xib */; };
		99209F781CADF012003DB829 /* CoreText.framework in Frameworks */ = {isa = PBXBuildFile; fileRef = 99209F771CADF012003DB829 /* CoreText.framework */; };
		99209FAC1CB26840003DB829 /* GZCacheManager.swift in Sources */ = {isa = PBXBuildFile; fileRef = 99209FAB1CB26840003DB829 /* GZCacheManager.swift */; };
		99209FAF1CB26B6D003DB829 /* GZSearchCacheFabric.swift in Sources */ = {isa = PBXBuildFile; fileRef = 99209FAE1CB26B6D003DB829 /* GZSearchCacheFabric.swift */; };
		99209FB11CB26C2B003DB829 /* GZSearchCache.swift in Sources */ = {isa = PBXBuildFile; fileRef = 99209FB01CB26C2B003DB829 /* GZSearchCache.swift */; };
		992539AD1C6DEB9D004100BF /* GZMediaData.xcdatamodeld in Sources */ = {isa = PBXBuildFile; fileRef = 992539AB1C6DEB9D004100BF /* GZMediaData.xcdatamodeld */; };
		993389181C982ECC003481E7 /* GZdownloadLastfmTracksByQuery.swift in Sources */ = {isa = PBXBuildFile; fileRef = 993389171C982ECC003481E7 /* GZdownloadLastfmTracksByQuery.swift */; };
		9933891A1C983513003481E7 /* GZdownloadLastfmTracksByMbID.swift in Sources */ = {isa = PBXBuildFile; fileRef = 993389191C983513003481E7 /* GZdownloadLastfmTracksByMbID.swift */; };
		9933891C1C986BCD003481E7 /* GZdownloadPlaylistItemsByID.swift in Sources */ = {isa = PBXBuildFile; fileRef = 9933891B1C986BCD003481E7 /* GZdownloadPlaylistItemsByID.swift */; };
		995244FC1C6518B100A1A279 /* GZFeedViewController.swift in Sources */ = {isa = PBXBuildFile; fileRef = 995244FB1C6518B100A1A279 /* GZFeedViewController.swift */; };
		995BEEFF1C2984D3001F8518 /* AppDelegate.swift in Sources */ = {isa = PBXBuildFile; fileRef = 995BEEFE1C2984D3001F8518 /* AppDelegate.swift */; };
		995BEF041C2984D3001F8518 /* Main.storyboard in Resources */ = {isa = PBXBuildFile; fileRef = 995BEF021C2984D3001F8518 /* Main.storyboard */; };
		995BEF091C2984D3001F8518 /* LaunchScreen.storyboard in Resources */ = {isa = PBXBuildFile; fileRef = 995BEF071C2984D3001F8518 /* LaunchScreen.storyboard */; };
		995BEF141C2984D3001F8518 /* mediawaveTests.swift in Sources */ = {isa = PBXBuildFile; fileRef = 995BEF131C2984D3001F8518 /* mediawaveTests.swift */; };
		995BEF1F1C2984D3001F8518 /* mediawaveUITests.swift in Sources */ = {isa = PBXBuildFile; fileRef = 995BEF1E1C2984D3001F8518 /* mediawaveUITests.swift */; };
		995BEF2D1C298519001F8518 /* GZAPI_Wrapper.swift in Sources */ = {isa = PBXBuildFile; fileRef = 995BEF2C1C298519001F8518 /* GZAPI_Wrapper.swift */; };
		995C9D191C491C100015CE93 /* GZLFTag.swift in Sources */ = {isa = PBXBuildFile; fileRef = 995C9D181C491C100015CE93 /* GZLFTag.swift */; };
		995C9D1D1C49A3990015CE93 /* GZPlaylistTableViewCell.xib in Resources */ = {isa = PBXBuildFile; fileRef = 995C9D1C1C49A3980015CE93 /* GZPlaylistTableViewCell.xib */; };
		995C9D1F1C49AA100015CE93 /* GZPlaylistTableViewCell.swift in Sources */ = {isa = PBXBuildFile; fileRef = 995C9D1E1C49AA100015CE93 /* GZPlaylistTableViewCell.swift */; };
		995C9D221C4A4DB70015CE93 /* GZTracklistViewController.swift in Sources */ = {isa = PBXBuildFile; fileRef = 995C9D211C4A4DB70015CE93 /* GZTracklistViewController.swift */; };
		995C9D241C4A4F1A0015CE93 /* GZTrackViewController.swift in Sources */ = {isa = PBXBuildFile; fileRef = 995C9D231C4A4F1A0015CE93 /* GZTrackViewController.swift */; };
		995C9D261C4C0F4B0015CE93 /* GZtrackSimpleCell.xib in Resources */ = {isa = PBXBuildFile; fileRef = 995C9D251C4C0F4B0015CE93 /* GZtrackSimpleCell.xib */; };
		995CF7841C380074002D9776 /* GZSearchResultsController.swift in Sources */ = {isa = PBXBuildFile; fileRef = 995CF7831C380074002D9776 /* GZSearchResultsController.swift */; };
		995CF7861C3828EF002D9776 /* GZSearchViewController.swift in Sources */ = {isa = PBXBuildFile; fileRef = 995CF7851C3828EF002D9776 /* GZSearchViewController.swift */; };
		995DD2AC1D0F5A0600FC31CD /* Fabric.framework in Frameworks */ = {isa = PBXBuildFile; fileRef = 995DD2AA1D0F5A0600FC31CD /* Fabric.framework */; };
		995DD2AD1D0F5A0600FC31CD /* Crashlytics.framework in Frameworks */ = {isa = PBXBuildFile; fileRef = 995DD2AB1D0F5A0600FC31CD /* Crashlytics.framework */; };
		9960E8951C9815A000C52CC4 /* GZdownloadLastfmAlbumsByQuery.swift in Sources */ = {isa = PBXBuildFile; fileRef = 9960E8941C9815A000C52CC4 /* GZdownloadLastfmAlbumsByQuery.swift */; };
		998BB6001C96BBDC00916A1A /* GZdownloadLastfmArtistsByQuery.swift in Sources */ = {isa = PBXBuildFile; fileRef = 998BB5FF1C96BBDC00916A1A /* GZdownloadLastfmArtistsByQuery.swift */; };
		998F8F5B1C6506E5000790DC /* Assets.xcassets in Resources */ = {isa = PBXBuildFile; fileRef = 998F8F5A1C6506E5000790DC /* Assets.xcassets */; };
		999149A71C4C1083005719FD /* GZTrackSimpleTableViewCell.swift in Sources */ = {isa = PBXBuildFile; fileRef = 999149A61C4C1083005719FD /* GZTrackSimpleTableViewCell.swift */; };
		999149A91C4E61B2005719FD /* GZAlbumController.swift in Sources */ = {isa = PBXBuildFile; fileRef = 999149A81C4E61B2005719FD /* GZAlbumController.swift */; };
		999212BE1C4563DE006649EB /* GZTagsSelectViewController.swift in Sources */ = {isa = PBXBuildFile; fileRef = 999212BD1C4563DE006649EB /* GZTagsSelectViewController.swift */; };
		999BAFBC1CA951A000A2F8F7 /* GZTableViewManager.swift in Sources */ = {isa = PBXBuildFile; fileRef = 999BAFBB1CA951A000A2F8F7 /* GZTableViewManager.swift */; };
		999BAFBE1CA95BB800A2F8F7 /* GZAlertTableViewCell.xib in Resources */ = {isa = PBXBuildFile; fileRef = 999BAFBD1CA95BB800A2F8F7 /* GZAlertTableViewCell.xib */; };
		999BAFC01CA95E0000A2F8F7 /* GZAlertTableViewCell.swift in Sources */ = {isa = PBXBuildFile; fileRef = 999BAFBF1CA95E0000A2F8F7 /* GZAlertTableViewCell.swift */; };
		999BAFC21CA96E9700A2F8F7 /* GZLoaderTableViewCell.xib in Resources */ = {isa = PBXBuildFile; fileRef = 999BAFC11CA96E9700A2F8F7 /* GZLoaderTableViewCell.xib */; };
		999BAFC41CA96FDC00A2F8F7 /* GZLoaderTableViewCell.swift in Sources */ = {isa = PBXBuildFile; fileRef = 999BAFC31CA96FDC00A2F8F7 /* GZLoaderTableViewCell.swift */; };
		99AD26621C299C8D00A2CCA6 /* SwiftyJSON.swift in Sources */ = {isa = PBXBuildFile; fileRef = 99AD26611C299C8D00A2CCA6 /* SwiftyJSON.swift */; };
		99B07E841CB71F3400792BA1 /* Localizable.strings in Resources */ = {isa = PBXBuildFile; fileRef = 99B07E861CB71F3400792BA1 /* Localizable.strings */; };
		99C9DD7D1C98211C00E51450 /* GZdownloadLastfmAlbumsByMbID.swift in Sources */ = {isa = PBXBuildFile; fileRef = 99C9DD7C1C98211C00E51450 /* GZdownloadLastfmAlbumsByMbID.swift */; };
		99E9A6891C9F08CB00657201 /* GZdownloadTracksYTMediaByQuery.swift in Sources */ = {isa = PBXBuildFile; fileRef = 99E9A6881C9F08CB00657201 /* GZdownloadTracksYTMediaByQuery.swift */; };
		99E9A68B1CA2A53000657201 /* GZdownloadLastfmTracksByAlbumMbID.swift in Sources */ = {isa = PBXBuildFile; fileRef = 99E9A68A1CA2A53000657201 /* GZdownloadLastfmTracksByAlbumMbID.swift */; };
		99E9C1351C8F3343008619A4 /* GZdownloadPlaylistsBySelectedTags.swift in Sources */ = {isa = PBXBuildFile; fileRef = 99E9C1341C8F3343008619A4 /* GZdownloadPlaylistsBySelectedTags.swift */; };
		99F00D881C99A33600FEF016 /* kGZConstants.swift in Sources */ = {isa = PBXBuildFile; fileRef = 99F00D871C99A33600FEF016 /* kGZConstants.swift */; };
		99F5D13E1C6796AF0068D4AF /* GZTabBarController.swift in Sources */ = {isa = PBXBuildFile; fileRef = 99F5D13D1C6796AF0068D4AF /* GZTabBarController.swift */; };
		99F6EE471C3E77F1000E4D77 /* trackAdvancedCell.xib in Resources */ = {isa = PBXBuildFile; fileRef = 99F6EE461C3E77F1000E4D77 /* trackAdvancedCell.xib */; };
		99F6EE491C3EB208000E4D77 /* GZtrackAdvancedCellTableViewCell.swift in Sources */ = {isa = PBXBuildFile; fileRef = 99F6EE481C3EB208000E4D77 /* GZtrackAdvancedCellTableViewCell.swift */; };
		99F6EE541C3FF373000E4D77 /* GZLFObject.swift in Sources */ = {isa = PBXBuildFile; fileRef = 99F6EE531C3FF373000E4D77 /* GZLFObject.swift */; };
		99F6EE561C4297C5000E4D77 /* GZArtistDetails.swift in Sources */ = {isa = PBXBuildFile; fileRef = 99F6EE551C4297C5000E4D77 /* GZArtistDetails.swift */; };
		99F6EE5B1C42FD55000E4D77 /* GZTagCollectionViewCell.xib in Resources */ = {isa = PBXBuildFile; fileRef = 99F6EE5A1C42FD55000E4D77 /* GZTagCollectionViewCell.xib */; };
		99F6EE5D1C42FDB5000E4D77 /* GZTagCollectionViewCell.swift in Sources */ = {isa = PBXBuildFile; fileRef = 99F6EE5C1C42FDB5000E4D77 /* GZTagCollectionViewCell.swift */; };
		99FCEB611CA58AA00087139F /* GZDescriptionTableViewCell.swift in Sources */ = {isa = PBXBuildFile; fileRef = 99FCEB601CA58AA00087139F /* GZDescriptionTableViewCell.swift */; };
/* End PBXBuildFile section */

/* Begin PBXContainerItemProxy section */
		995BEF101C2984D3001F8518 /* PBXContainerItemProxy */ = {
			isa = PBXContainerItemProxy;
			containerPortal = 995BEEF31C2984D3001F8518 /* Project object */;
			proxyType = 1;
			remoteGlobalIDString = 995BEEFA1C2984D3001F8518;
			remoteInfo = mediawave;
		};
		995BEF1B1C2984D3001F8518 /* PBXContainerItemProxy */ = {
			isa = PBXContainerItemProxy;
			containerPortal = 995BEEF31C2984D3001F8518 /* Project object */;
			proxyType = 1;
			remoteGlobalIDString = 995BEEFA1C2984D3001F8518;
			remoteInfo = mediawave;
		};
/* End PBXContainerItemProxy section */

/* Begin PBXFileReference section */
		651CEF47A671DDCEA6A2CADC /* Pods-mediawave.release.xcconfig */ = {isa = PBXFileReference; includeInIndex = 1; lastKnownFileType = text.xcconfig; name = "Pods-mediawave.release.xcconfig"; path = "Pods/Target Support Files/Pods-mediawave/Pods-mediawave.release.xcconfig"; sourceTree = "<group>"; };
		9158C18DD64C594048286D64 /* Pods.framework */ = {isa = PBXFileReference; explicitFileType = wrapper.framework; includeInIndex = 0; path = Pods.framework; sourceTree = BUILT_PRODUCTS_DIR; };
		990837561C9C1209003CA0C0 /* GZQueueManager.swift */ = {isa = PBXFileReference; fileEncoding = 4; lastKnownFileType = sourcecode.swift; path = GZQueueManager.swift; sourceTree = "<group>"; };
		990837581C9C1F2A003CA0C0 /* GZdownloadLastfmArtistsInfoByMbID.swift */ = {isa = PBXFileReference; fileEncoding = 4; lastKnownFileType = sourcecode.swift; path = GZdownloadLastfmArtistsInfoByMbID.swift; sourceTree = "<group>"; };
		9910F25D1C7089A20091E4F8 /* GZTrack.swift */ = {isa = PBXFileReference; fileEncoding = 4; lastKnownFileType = sourcecode.swift; path = GZTrack.swift; sourceTree = "<group>"; };
		9910F25F1C708BB50091E4F8 /* GZArtist.swift */ = {isa = PBXFileReference; fileEncoding = 4; lastKnownFileType = sourcecode.swift; path = GZArtist.swift; sourceTree = "<group>"; };
		9910F2611C708DA40091E4F8 /* GZAlbum.swift */ = {isa = PBXFileReference; fileEncoding = 4; lastKnownFileType = sourcecode.swift; path = GZAlbum.swift; sourceTree = "<group>"; };
		9910F2631C708E8C0091E4F8 /* GZPlaylist.swift */ = {isa = PBXFileReference; fileEncoding = 4; lastKnownFileType = sourcecode.swift; path = GZPlaylist.swift; sourceTree = "<group>"; };
		9910F2691C73600D0091E4F8 /* GZPlaylistManager.swift */ = {isa = PBXFileReference; fileEncoding = 4; lastKnownFileType = sourcecode.swift; path = GZPlaylistManager.swift; sourceTree = "<group>"; };
		9910F26B1C736C6B0091E4F8 /* GZTracksManager.swift */ = {isa = PBXFileReference; fileEncoding = 4; lastKnownFileType = sourcecode.swift; path = GZTracksManager.swift; sourceTree = "<group>"; };
		9910F2731C7379C30091E4F8 /* GZArtistManager.swift */ = {isa = PBXFileReference; fileEncoding = 4; lastKnownFileType = sourcecode.swift; path = GZArtistManager.swift; sourceTree = "<group>"; };
		9910F2751C737BA10091E4F8 /* GZAlbumManager.swift */ = {isa = PBXFileReference; fileEncoding = 4; lastKnownFileType = sourcecode.swift; path = GZAlbumManager.swift; sourceTree = "<group>"; };
		99209F751CADDD26003DB829 /* GZDescriptionTableViewCell.xib */ = {isa = PBXFileReference; fileEncoding = 4; lastKnownFileType = file.xib; path = GZDescriptionTableViewCell.xib; sourceTree = "<group>"; };
		99209F771CADF012003DB829 /* CoreText.framework */ = {isa = PBXFileReference; lastKnownFileType = wrapper.framework; name = CoreText.framework; path = System/Library/Frameworks/CoreText.framework; sourceTree = SDKROOT; };
		99209FAB1CB26840003DB829 /* GZCacheManager.swift */ = {isa = PBXFileReference; fileEncoding = 4; lastKnownFileType = sourcecode.swift; path = GZCacheManager.swift; sourceTree = "<group>"; };
		99209FAE1CB26B6D003DB829 /* GZSearchCacheFabric.swift */ = {isa = PBXFileReference; fileEncoding = 4; lastKnownFileType = sourcecode.swift; path = GZSearchCacheFabric.swift; sourceTree = "<group>"; };
		99209FB01CB26C2B003DB829 /* GZSearchCache.swift */ = {isa = PBXFileReference; fileEncoding = 4; lastKnownFileType = sourcecode.swift; path = GZSearchCache.swift; sourceTree = "<group>"; };
		992539AC1C6DEB9D004100BF /* GZMediaData.xcdatamodel */ = {isa = PBXFileReference; lastKnownFileType = wrapper.xcdatamodel; path = GZMediaData.xcdatamodel; sourceTree = "<group>"; };
		993389171C982ECC003481E7 /* GZdownloadLastfmTracksByQuery.swift */ = {isa = PBXFileReference; fileEncoding = 4; lastKnownFileType = sourcecode.swift; path = GZdownloadLastfmTracksByQuery.swift; sourceTree = "<group>"; };
		993389191C983513003481E7 /* GZdownloadLastfmTracksByMbID.swift */ = {isa = PBXFileReference; fileEncoding = 4; lastKnownFileType = sourcecode.swift; path = GZdownloadLastfmTracksByMbID.swift; sourceTree = "<group>"; };
		9933891B1C986BCD003481E7 /* GZdownloadPlaylistItemsByID.swift */ = {isa = PBXFileReference; fileEncoding = 4; lastKnownFileType = sourcecode.swift; path = GZdownloadPlaylistItemsByID.swift; sourceTree = "<group>"; };
		995244FB1C6518B100A1A279 /* GZFeedViewController.swift */ = {isa = PBXFileReference; fileEncoding = 4; lastKnownFileType = sourcecode.swift; path = GZFeedViewController.swift; sourceTree = "<group>"; };
		995BEEFB1C2984D3001F8518 /* Media Wave.app */ = {isa = PBXFileReference; explicitFileType = wrapper.application; includeInIndex = 0; path = "Media Wave.app"; sourceTree = BUILT_PRODUCTS_DIR; };
		995BEEFE1C2984D3001F8518 /* AppDelegate.swift */ = {isa = PBXFileReference; lastKnownFileType = sourcecode.swift; path = AppDelegate.swift; sourceTree = "<group>"; };
		995BEF031C2984D3001F8518 /* Base */ = {isa = PBXFileReference; lastKnownFileType = file.storyboard; name = Base; path = Base.lproj/Main.storyboard; sourceTree = "<group>"; };
		995BEF081C2984D3001F8518 /* Base */ = {isa = PBXFileReference; lastKnownFileType = file.storyboard; name = Base; path = Base.lproj/LaunchScreen.storyboard; sourceTree = "<group>"; };
		995BEF0A1C2984D3001F8518 /* Info.plist */ = {isa = PBXFileReference; lastKnownFileType = text.plist.xml; path = Info.plist; sourceTree = "<group>"; };
		995BEF0F1C2984D3001F8518 /* mediawaveTests.xctest */ = {isa = PBXFileReference; explicitFileType = wrapper.cfbundle; includeInIndex = 0; path = mediawaveTests.xctest; sourceTree = BUILT_PRODUCTS_DIR; };
		995BEF131C2984D3001F8518 /* mediawaveTests.swift */ = {isa = PBXFileReference; lastKnownFileType = sourcecode.swift; path = mediawaveTests.swift; sourceTree = "<group>"; };
		995BEF151C2984D3001F8518 /* Info.plist */ = {isa = PBXFileReference; lastKnownFileType = text.plist.xml; path = Info.plist; sourceTree = "<group>"; };
		995BEF1A1C2984D3001F8518 /* mediawaveUITests.xctest */ = {isa = PBXFileReference; explicitFileType = wrapper.cfbundle; includeInIndex = 0; path = mediawaveUITests.xctest; sourceTree = BUILT_PRODUCTS_DIR; };
		995BEF1E1C2984D3001F8518 /* mediawaveUITests.swift */ = {isa = PBXFileReference; lastKnownFileType = sourcecode.swift; path = mediawaveUITests.swift; sourceTree = "<group>"; };
		995BEF201C2984D3001F8518 /* Info.plist */ = {isa = PBXFileReference; lastKnownFileType = text.plist.xml; path = Info.plist; sourceTree = "<group>"; };
		995BEF2C1C298519001F8518 /* GZAPI_Wrapper.swift */ = {isa = PBXFileReference; fileEncoding = 4; lastKnownFileType = sourcecode.swift; path = GZAPI_Wrapper.swift; sourceTree = "<group>"; };
		995C9D181C491C100015CE93 /* GZLFTag.swift */ = {isa = PBXFileReference; fileEncoding = 4; lastKnownFileType = sourcecode.swift; path = GZLFTag.swift; sourceTree = "<group>"; };
		995C9D1C1C49A3980015CE93 /* GZPlaylistTableViewCell.xib */ = {isa = PBXFileReference; fileEncoding = 4; lastKnownFileType = file.xib; path = GZPlaylistTableViewCell.xib; sourceTree = "<group>"; };
		995C9D1E1C49AA100015CE93 /* GZPlaylistTableViewCell.swift */ = {isa = PBXFileReference; fileEncoding = 4; lastKnownFileType = sourcecode.swift; path = GZPlaylistTableViewCell.swift; sourceTree = "<group>"; };
		995C9D211C4A4DB70015CE93 /* GZTracklistViewController.swift */ = {isa = PBXFileReference; fileEncoding = 4; lastKnownFileType = sourcecode.swift; path = GZTracklistViewController.swift; sourceTree = "<group>"; };
		995C9D231C4A4F1A0015CE93 /* GZTrackViewController.swift */ = {isa = PBXFileReference; fileEncoding = 4; lastKnownFileType = sourcecode.swift; path = GZTrackViewController.swift; sourceTree = "<group>"; };
		995C9D251C4C0F4B0015CE93 /* GZtrackSimpleCell.xib */ = {isa = PBXFileReference; fileEncoding = 4; lastKnownFileType = file.xib; path = GZtrackSimpleCell.xib; sourceTree = "<group>"; };
		995CF7831C380074002D9776 /* GZSearchResultsController.swift */ = {isa = PBXFileReference; fileEncoding = 4; lastKnownFileType = sourcecode.swift; path = GZSearchResultsController.swift; sourceTree = "<group>"; };
		995CF7851C3828EF002D9776 /* GZSearchViewController.swift */ = {isa = PBXFileReference; fileEncoding = 4; lastKnownFileType = sourcecode.swift; path = GZSearchViewController.swift; sourceTree = "<group>"; };
		995DD2AA1D0F5A0600FC31CD /* Fabric.framework */ = {isa = PBXFileReference; lastKnownFileType = wrapper.framework; path = Fabric.framework; sourceTree = "<group>"; };
		995DD2AB1D0F5A0600FC31CD /* Crashlytics.framework */ = {isa = PBXFileReference; lastKnownFileType = wrapper.framework; path = Crashlytics.framework; sourceTree = "<group>"; };
		9960E8941C9815A000C52CC4 /* GZdownloadLastfmAlbumsByQuery.swift */ = {isa = PBXFileReference; fileEncoding = 4; lastKnownFileType = sourcecode.swift; path = GZdownloadLastfmAlbumsByQuery.swift; sourceTree = "<group>"; };
		998BB5FF1C96BBDC00916A1A /* GZdownloadLastfmArtistsByQuery.swift */ = {isa = PBXFileReference; fileEncoding = 4; lastKnownFileType = sourcecode.swift; path = GZdownloadLastfmArtistsByQuery.swift; sourceTree = "<group>"; };
		998F8F5A1C6506E5000790DC /* Assets.xcassets */ = {isa = PBXFileReference; lastKnownFileType = folder.assetcatalog; name = Assets.xcassets; path = ../Assets.xcassets; sourceTree = "<group>"; };
		999149A61C4C1083005719FD /* GZTrackSimpleTableViewCell.swift */ = {isa = PBXFileReference; fileEncoding = 4; lastKnownFileType = sourcecode.swift; path = GZTrackSimpleTableViewCell.swift; sourceTree = "<group>"; };
		999149A81C4E61B2005719FD /* GZAlbumController.swift */ = {isa = PBXFileReference; fileEncoding = 4; lastKnownFileType = sourcecode.swift; path = GZAlbumController.swift; sourceTree = "<group>"; };
		999212BD1C4563DE006649EB /* GZTagsSelectViewController.swift */ = {isa = PBXFileReference; fileEncoding = 4; lastKnownFileType = sourcecode.swift; path = GZTagsSelectViewController.swift; sourceTree = "<group>"; };
		999BAFBB1CA951A000A2F8F7 /* GZTableViewManager.swift */ = {isa = PBXFileReference; fileEncoding = 4; lastKnownFileType = sourcecode.swift; path = GZTableViewManager.swift; sourceTree = "<group>"; };
		999BAFBD1CA95BB800A2F8F7 /* GZAlertTableViewCell.xib */ = {isa = PBXFileReference; fileEncoding = 4; lastKnownFileType = file.xib; path = GZAlertTableViewCell.xib; sourceTree = "<group>"; };
		999BAFBF1CA95E0000A2F8F7 /* GZAlertTableViewCell.swift */ = {isa = PBXFileReference; fileEncoding = 4; lastKnownFileType = sourcecode.swift; path = GZAlertTableViewCell.swift; sourceTree = "<group>"; };
		999BAFC11CA96E9700A2F8F7 /* GZLoaderTableViewCell.xib */ = {isa = PBXFileReference; fileEncoding = 4; lastKnownFileType = file.xib; path = GZLoaderTableViewCell.xib; sourceTree = "<group>"; };
		999BAFC31CA96FDC00A2F8F7 /* GZLoaderTableViewCell.swift */ = {isa = PBXFileReference; fileEncoding = 4; lastKnownFileType = sourcecode.swift; path = GZLoaderTableViewCell.swift; sourceTree = "<group>"; };
		99AD26611C299C8D00A2CCA6 /* SwiftyJSON.swift */ = {isa = PBXFileReference; fileEncoding = 4; lastKnownFileType = sourcecode.swift; path = SwiftyJSON.swift; sourceTree = "<group>"; };
		99B07E821CB71EE400792BA1 /* ru */ = {isa = PBXFileReference; lastKnownFileType = text.plist.strings; name = ru; path = ru.lproj/LaunchScreen.strings; sourceTree = "<group>"; };
		99B07E831CB71EE400792BA1 /* ru */ = {isa = PBXFileReference; lastKnownFileType = text.plist.strings; name = ru; path = ru.lproj/Main.strings; sourceTree = "<group>"; };
		99B07E871CB71F3A00792BA1 /* en */ = {isa = PBXFileReference; lastKnownFileType = text.plist.strings; name = en; path = en.lproj/Localizable.strings; sourceTree = "<group>"; };
		99B07E881CB71F7F00792BA1 /* ru */ = {isa = PBXFileReference; lastKnownFileType = text.plist.strings; name = ru; path = ru.lproj/Localizable.strings; sourceTree = "<group>"; };
		99C9DD7C1C98211C00E51450 /* GZdownloadLastfmAlbumsByMbID.swift */ = {isa = PBXFileReference; fileEncoding = 4; lastKnownFileType = sourcecode.swift; path = GZdownloadLastfmAlbumsByMbID.swift; sourceTree = "<group>"; };
		99E9A6881C9F08CB00657201 /* GZdownloadTracksYTMediaByQuery.swift */ = {isa = PBXFileReference; fileEncoding = 4; lastKnownFileType = sourcecode.swift; path = GZdownloadTracksYTMediaByQuery.swift; sourceTree = "<group>"; };
		99E9A68A1CA2A53000657201 /* GZdownloadLastfmTracksByAlbumMbID.swift */ = {isa = PBXFileReference; fileEncoding = 4; lastKnownFileType = sourcecode.swift; path = GZdownloadLastfmTracksByAlbumMbID.swift; sourceTree = "<group>"; };
		99E9C1341C8F3343008619A4 /* GZdownloadPlaylistsBySelectedTags.swift */ = {isa = PBXFileReference; fileEncoding = 4; lastKnownFileType = sourcecode.swift; path = GZdownloadPlaylistsBySelectedTags.swift; sourceTree = "<group>"; };
		99F00D871C99A33600FEF016 /* kGZConstants.swift */ = {isa = PBXFileReference; fileEncoding = 4; lastKnownFileType = sourcecode.swift; path = kGZConstants.swift; sourceTree = "<group>"; };
		99F3BBD71CBE789E00B3714B /* uk */ = {isa = PBXFileReference; lastKnownFileType = text.plist.strings; name = uk; path = uk.lproj/LaunchScreen.strings; sourceTree = "<group>"; };
		99F3BBD81CBE789F00B3714B /* uk */ = {isa = PBXFileReference; lastKnownFileType = text.plist.strings; name = uk; path = uk.lproj/Main.strings; sourceTree = "<group>"; };
		99F3BBD91CBE789F00B3714B /* uk */ = {isa = PBXFileReference; lastKnownFileType = text.plist.strings; name = uk; path = uk.lproj/Localizable.strings; sourceTree = "<group>"; };
		99F5D13D1C6796AF0068D4AF /* GZTabBarController.swift */ = {isa = PBXFileReference; fileEncoding = 4; lastKnownFileType = sourcecode.swift; path = GZTabBarController.swift; sourceTree = "<group>"; };
		99F6EE461C3E77F1000E4D77 /* trackAdvancedCell.xib */ = {isa = PBXFileReference; fileEncoding = 4; lastKnownFileType = file.xib; path = trackAdvancedCell.xib; sourceTree = "<group>"; };
		99F6EE481C3EB208000E4D77 /* GZtrackAdvancedCellTableViewCell.swift */ = {isa = PBXFileReference; fileEncoding = 4; lastKnownFileType = sourcecode.swift; path = GZtrackAdvancedCellTableViewCell.swift; sourceTree = "<group>"; };
		99F6EE4A1C3EB5BB000E4D77 /* mediawave-Bridging-Header.h */ = {isa = PBXFileReference; lastKnownFileType = sourcecode.c.h; path = "mediawave-Bridging-Header.h"; sourceTree = "<group>"; };
		99F6EE531C3FF373000E4D77 /* GZLFObject.swift */ = {isa = PBXFileReference; fileEncoding = 4; lastKnownFileType = sourcecode.swift; path = GZLFObject.swift; sourceTree = "<group>"; };
		99F6EE551C4297C5000E4D77 /* GZArtistDetails.swift */ = {isa = PBXFileReference; fileEncoding = 4; lastKnownFileType = sourcecode.swift; path = GZArtistDetails.swift; sourceTree = "<group>"; };
		99F6EE5A1C42FD55000E4D77 /* GZTagCollectionViewCell.xib */ = {isa = PBXFileReference; fileEncoding = 4; lastKnownFileType = file.xib; path = GZTagCollectionViewCell.xib; sourceTree = "<group>"; };
		99F6EE5C1C42FDB5000E4D77 /* GZTagCollectionViewCell.swift */ = {isa = PBXFileReference; fileEncoding = 4; lastKnownFileType = sourcecode.swift; path = GZTagCollectionViewCell.swift; sourceTree = "<group>"; };
		99FCEB601CA58AA00087139F /* GZDescriptionTableViewCell.swift */ = {isa = PBXFileReference; fileEncoding = 4; lastKnownFileType = sourcecode.swift; path = GZDescriptionTableViewCell.swift; sourceTree = "<group>"; };
		9E6E65502EB56598ACD9D489 /* Pods-mediawave.debug.xcconfig */ = {isa = PBXFileReference; includeInIndex = 1; lastKnownFileType = text.xcconfig; name = "Pods-mediawave.debug.xcconfig"; path = "Pods/Target Support Files/Pods-mediawave/Pods-mediawave.debug.xcconfig"; sourceTree = "<group>"; };
		B573DF98BBC8238411C5E3DD /* libPods-mediawave.a */ = {isa = PBXFileReference; explicitFileType = archive.ar; includeInIndex = 0; path = "libPods-mediawave.a"; sourceTree = BUILT_PRODUCTS_DIR; };
/* End PBXFileReference section */

/* Begin PBXFrameworksBuildPhase section */
		995BEEF81C2984D3001F8518 /* Frameworks */ = {
			isa = PBXFrameworksBuildPhase;
			buildActionMask = 2147483647;
			files = (
				99209F781CADF012003DB829 /* CoreText.framework in Frameworks */,
				995DD2AD1D0F5A0600FC31CD /* Crashlytics.framework in Frameworks */,
				995DD2AC1D0F5A0600FC31CD /* Fabric.framework in Frameworks */,
				627EFA3DC5CC643039870F71 /* libPods-mediawave.a in Frameworks */,
			);
			runOnlyForDeploymentPostprocessing = 0;
		};
		995BEF0C1C2984D3001F8518 /* Frameworks */ = {
			isa = PBXFrameworksBuildPhase;
			buildActionMask = 2147483647;
			files = (
			);
			runOnlyForDeploymentPostprocessing = 0;
		};
		995BEF171C2984D3001F8518 /* Frameworks */ = {
			isa = PBXFrameworksBuildPhase;
			buildActionMask = 2147483647;
			files = (
			);
			runOnlyForDeploymentPostprocessing = 0;
		};
/* End PBXFrameworksBuildPhase section */

/* Begin PBXGroup section */
		3D004AF4C2305728343ADB37 /* Pods */ = {
			isa = PBXGroup;
			children = (
				9E6E65502EB56598ACD9D489 /* Pods-mediawave.debug.xcconfig */,
				651CEF47A671DDCEA6A2CADC /* Pods-mediawave.release.xcconfig */,
			);
			name = Pods;
			sourceTree = "<group>";
		};
		3F919D7D1A56DDC859071D58 /* Frameworks */ = {
			isa = PBXGroup;
			children = (
				99209F771CADF012003DB829 /* CoreText.framework */,
				9158C18DD64C594048286D64 /* Pods.framework */,
				B573DF98BBC8238411C5E3DD /* libPods-mediawave.a */,
			);
			name = Frameworks;
			sourceTree = "<group>";
		};
		99209FAD1CB26B52003DB829 /* Fabrics */ = {
			isa = PBXGroup;
			children = (
				99209FAE1CB26B6D003DB829 /* GZSearchCacheFabric.swift */,
			);
			name = Fabrics;
			sourceTree = "<group>";
		};
		993389141C982E7A003481E7 /* downloadAlbums */ = {
			isa = PBXGroup;
			children = (
				9960E8941C9815A000C52CC4 /* GZdownloadLastfmAlbumsByQuery.swift */,
				99C9DD7C1C98211C00E51450 /* GZdownloadLastfmAlbumsByMbID.swift */,
			);
			name = downloadAlbums;
			sourceTree = "<group>";
		};
		993389151C982E8B003481E7 /* downloadTracks */ = {
			isa = PBXGroup;
			children = (
				993389171C982ECC003481E7 /* GZdownloadLastfmTracksByQuery.swift */,
				993389191C983513003481E7 /* GZdownloadLastfmTracksByMbID.swift */,
				9933891B1C986BCD003481E7 /* GZdownloadPlaylistItemsByID.swift */,
				99E9A6881C9F08CB00657201 /* GZdownloadTracksYTMediaByQuery.swift */,
				99E9A68A1CA2A53000657201 /* GZdownloadLastfmTracksByAlbumMbID.swift */,
			);
			name = downloadTracks;
			sourceTree = "<group>";
		};
		995BEEF21C2984D3001F8518 = {
			isa = PBXGroup;
			children = (
				995BEEFD1C2984D3001F8518 /* mediawave */,
				995BEF121C2984D3001F8518 /* mediawaveTests */,
				995BEF1D1C2984D3001F8518 /* mediawaveUITests */,
				995BEEFC1C2984D3001F8518 /* Products */,
				3F919D7D1A56DDC859071D58 /* Frameworks */,
				995DD2AA1D0F5A0600FC31CD /* Fabric.framework */,
				995DD2AB1D0F5A0600FC31CD /* Crashlytics.framework */,
				3D004AF4C2305728343ADB37 /* Pods */,
			);
			sourceTree = "<group>";
		};
		995BEEFC1C2984D3001F8518 /* Products */ = {
			isa = PBXGroup;
			children = (
				995BEEFB1C2984D3001F8518 /* Media Wave.app */,
				995BEF0F1C2984D3001F8518 /* mediawaveTests.xctest */,
				995BEF1A1C2984D3001F8518 /* mediawaveUITests.xctest */,
			);
			name = Products;
			sourceTree = "<group>";
		};
		995BEEFD1C2984D3001F8518 /* mediawave */ = {
			isa = PBXGroup;
			children = (
				998F8F5A1C6506E5000790DC /* Assets.xcassets */,
				99F00D861C99A31A00FEF016 /* Globals */,
				995CF7941C3D3102002D9776 /* CustomViews */,
				995CF7931C3D30E9002D9776 /* Storyboards */,
				995CF7921C3D30DB002D9776 /* Libs */,
				995CF7911C3D30CB002D9776 /* Models */,
				99E9C1331C8F32AF008619A4 /* Operations */,
				995CF7901C3D30A3002D9776 /* Managers */,
				99209FAD1CB26B52003DB829 /* Fabrics */,
				995CF78F1C3D3087002D9776 /* Controllers */,
				995BEF0A1C2984D3001F8518 /* Info.plist */,
				995BEEFE1C2984D3001F8518 /* AppDelegate.swift */,
				995BEF2C1C298519001F8518 /* GZAPI_Wrapper.swift */,
				99F6EE4A1C3EB5BB000E4D77 /* mediawave-Bridging-Header.h */,
			);
			path = mediawave;
			sourceTree = "<group>";
		};
		995BEF121C2984D3001F8518 /* mediawaveTests */ = {
			isa = PBXGroup;
			children = (
				995BEF131C2984D3001F8518 /* mediawaveTests.swift */,
				995BEF151C2984D3001F8518 /* Info.plist */,
			);
			path = mediawaveTests;
			sourceTree = "<group>";
		};
		995BEF1D1C2984D3001F8518 /* mediawaveUITests */ = {
			isa = PBXGroup;
			children = (
				995BEF1E1C2984D3001F8518 /* mediawaveUITests.swift */,
				995BEF201C2984D3001F8518 /* Info.plist */,
			);
			path = mediawaveUITests;
			sourceTree = "<group>";
		};
		995C9D201C4A3C6C0015CE93 /* General */ = {
			isa = PBXGroup;
			children = (
				999212BD1C4563DE006649EB /* GZTagsSelectViewController.swift */,
				99F5D13D1C6796AF0068D4AF /* GZTabBarController.swift */,
				995CF7851C3828EF002D9776 /* GZSearchViewController.swift */,
				995244FB1C6518B100A1A279 /* GZFeedViewController.swift */,
				995C9D231C4A4F1A0015CE93 /* GZTrackViewController.swift */,
			);
			name = General;
			sourceTree = "<group>";
		};
		995CF78F1C3D3087002D9776 /* Controllers */ = {
			isa = PBXGroup;
			children = (
				995C9D201C4A3C6C0015CE93 /* General */,
				99F6EE571C42A95F000E4D77 /* Details */,
			);
			name = Controllers;
			sourceTree = "<group>";
		};
		995CF7901C3D30A3002D9776 /* Managers */ = {
			isa = PBXGroup;
			children = (
				9910F2691C73600D0091E4F8 /* GZPlaylistManager.swift */,
				9910F26B1C736C6B0091E4F8 /* GZTracksManager.swift */,
				9910F2731C7379C30091E4F8 /* GZArtistManager.swift */,
				9910F2751C737BA10091E4F8 /* GZAlbumManager.swift */,
				99209FAB1CB26840003DB829 /* GZCacheManager.swift */,
			);
			name = Managers;
			sourceTree = "<group>";
		};
		995CF7911C3D30CB002D9776 /* Models */ = {
			isa = PBXGroup;
			children = (
				99F6EE531C3FF373000E4D77 /* GZLFObject.swift */,
				995C9D181C491C100015CE93 /* GZLFTag.swift */,
				9910F25D1C7089A20091E4F8 /* GZTrack.swift */,
				9910F25F1C708BB50091E4F8 /* GZArtist.swift */,
				9910F2611C708DA40091E4F8 /* GZAlbum.swift */,
				9910F2631C708E8C0091E4F8 /* GZPlaylist.swift */,
				99209FB01CB26C2B003DB829 /* GZSearchCache.swift */,
				992539AB1C6DEB9D004100BF /* GZMediaData.xcdatamodeld */,
			);
			name = Models;
			sourceTree = "<group>";
		};
		995CF7921C3D30DB002D9776 /* Libs */ = {
			isa = PBXGroup;
			children = (
				99AD26611C299C8D00A2CCA6 /* SwiftyJSON.swift */,
			);
			name = Libs;
			sourceTree = "<group>";
		};
		995CF7931C3D30E9002D9776 /* Storyboards */ = {
			isa = PBXGroup;
			children = (
				995BEF071C2984D3001F8518 /* LaunchScreen.storyboard */,
				995BEF021C2984D3001F8518 /* Main.storyboard */,
			);
			name = Storyboards;
			sourceTree = "<group>";
		};
		995CF7941C3D3102002D9776 /* CustomViews */ = {
			isa = PBXGroup;
			children = (
				997C9F011CAC818B00FF9861 /* Xibs */,
				99F6EE591C42A980000E4D77 /* Classes */,
			);
			name = CustomViews;
			sourceTree = "<group>";
		};
		997C9F011CAC818B00FF9861 /* Xibs */ = {
			isa = PBXGroup;
			children = (
				999BAFC81CA9714900A2F8F7 /* content */,
				999BAFC71CA9712B00A2F8F7 /* utilitary */,
			);
			name = Xibs;
			sourceTree = "<group>";
		};
		999BAFC51CA970F900A2F8F7 /* utilitary */ = {
			isa = PBXGroup;
			children = (
				99F6EE5C1C42FDB5000E4D77 /* GZTagCollectionViewCell.swift */,
				999BAFBF1CA95E0000A2F8F7 /* GZAlertTableViewCell.swift */,
				999BAFC31CA96FDC00A2F8F7 /* GZLoaderTableViewCell.swift */,
			);
			name = utilitary;
			sourceTree = "<group>";
		};
		999BAFC61CA9710D00A2F8F7 /* content */ = {
			isa = PBXGroup;
			children = (
				99F6EE481C3EB208000E4D77 /* GZtrackAdvancedCellTableViewCell.swift */,
				999149A61C4C1083005719FD /* GZTrackSimpleTableViewCell.swift */,
				995C9D1E1C49AA100015CE93 /* GZPlaylistTableViewCell.swift */,
				99FCEB601CA58AA00087139F /* GZDescriptionTableViewCell.swift */,
			);
			name = content;
			sourceTree = "<group>";
		};
		999BAFC71CA9712B00A2F8F7 /* utilitary */ = {
			isa = PBXGroup;
			children = (
				99F6EE5A1C42FD55000E4D77 /* GZTagCollectionViewCell.xib */,
				999BAFBD1CA95BB800A2F8F7 /* GZAlertTableViewCell.xib */,
				999BAFC11CA96E9700A2F8F7 /* GZLoaderTableViewCell.xib */,
			);
			name = utilitary;
			sourceTree = "<group>";
		};
		999BAFC81CA9714900A2F8F7 /* content */ = {
			isa = PBXGroup;
			children = (
				99F6EE461C3E77F1000E4D77 /* trackAdvancedCell.xib */,
				99209F751CADDD26003DB829 /* GZDescriptionTableViewCell.xib */,
				995C9D251C4C0F4B0015CE93 /* GZtrackSimpleCell.xib */,
				995C9D1C1C49A3980015CE93 /* GZPlaylistTableViewCell.xib */,
			);
			name = content;
			sourceTree = "<group>";
		};
		99E9C1331C8F32AF008619A4 /* Operations */ = {
			isa = PBXGroup;
			children = (
				99F00D821C996A0400FEF016 /* downloadArtists */,
				99F00D811C9969F600FEF016 /* downloadPlaylists */,
				993389151C982E8B003481E7 /* downloadTracks */,
				993389141C982E7A003481E7 /* downloadAlbums */,
			);
			name = Operations;
			sourceTree = "<group>";
		};
		99F00D811C9969F600FEF016 /* downloadPlaylists */ = {
			isa = PBXGroup;
			children = (
				99E9C1341C8F3343008619A4 /* GZdownloadPlaylistsBySelectedTags.swift */,
			);
			name = downloadPlaylists;
			sourceTree = "<group>";
		};
		99F00D821C996A0400FEF016 /* downloadArtists */ = {
			isa = PBXGroup;
			children = (
				998BB5FF1C96BBDC00916A1A /* GZdownloadLastfmArtistsByQuery.swift */,
				990837581C9C1F2A003CA0C0 /* GZdownloadLastfmArtistsInfoByMbID.swift */,
			);
			name = downloadArtists;
			sourceTree = "<group>";
		};
		99F00D861C99A31A00FEF016 /* Globals */ = {
			isa = PBXGroup;
			children = (
				99F00D871C99A33600FEF016 /* kGZConstants.swift */,
				990837561C9C1209003CA0C0 /* GZQueueManager.swift */,
				999BAFBB1CA951A000A2F8F7 /* GZTableViewManager.swift */,
				99B07E861CB71F3400792BA1 /* Localizable.strings */,
			);
			name = Globals;
			sourceTree = "<group>";
		};
		99F6EE571C42A95F000E4D77 /* Details */ = {
			isa = PBXGroup;
			children = (
				995CF7831C380074002D9776 /* GZSearchResultsController.swift */,
				99F6EE551C4297C5000E4D77 /* GZArtistDetails.swift */,
				995C9D211C4A4DB70015CE93 /* GZTracklistViewController.swift */,
				999149A81C4E61B2005719FD /* GZAlbumController.swift */,
			);
			name = Details;
			sourceTree = "<group>";
		};
		99F6EE591C42A980000E4D77 /* Classes */ = {
			isa = PBXGroup;
			children = (
				999BAFC61CA9710D00A2F8F7 /* content */,
				999BAFC51CA970F900A2F8F7 /* utilitary */,
			);
			name = Classes;
			sourceTree = "<group>";
		};
/* End PBXGroup section */

/* Begin PBXNativeTarget section */
		995BEEFA1C2984D3001F8518 /* mediawave */ = {
			isa = PBXNativeTarget;
			buildConfigurationList = 995BEF231C2984D3001F8518 /* Build configuration list for PBXNativeTarget "mediawave" */;
			buildPhases = (
				56098049B0C29C67E2CB3574 /* [CP] Check Pods Manifest.lock */,
				995BEEF71C2984D3001F8518 /* Sources */,
				995BEEF81C2984D3001F8518 /* Frameworks */,
				995BEEF91C2984D3001F8518 /* Resources */,
				995DD2A91D0F59B600FC31CD /* ShellScript */,
				034D73069997C045A5E1484A /* [CP] Embed Pods Frameworks */,
				7DAD14760480A5D48B086827 /* [CP] Copy Pods Resources */,
			);
			buildRules = (
			);
			dependencies = (
			);
			name = mediawave;
			productName = mediawave;
			productReference = 995BEEFB1C2984D3001F8518 /* Media Wave.app */;
			productType = "com.apple.product-type.application";
		};
		995BEF0E1C2984D3001F8518 /* mediawaveTests */ = {
			isa = PBXNativeTarget;
			buildConfigurationList = 995BEF261C2984D3001F8518 /* Build configuration list for PBXNativeTarget "mediawaveTests" */;
			buildPhases = (
				995BEF0B1C2984D3001F8518 /* Sources */,
				995BEF0C1C2984D3001F8518 /* Frameworks */,
				995BEF0D1C2984D3001F8518 /* Resources */,
			);
			buildRules = (
			);
			dependencies = (
				995BEF111C2984D3001F8518 /* PBXTargetDependency */,
			);
			name = mediawaveTests;
			productName = mediawaveTests;
			productReference = 995BEF0F1C2984D3001F8518 /* mediawaveTests.xctest */;
			productType = "com.apple.product-type.bundle.unit-test";
		};
		995BEF191C2984D3001F8518 /* mediawaveUITests */ = {
			isa = PBXNativeTarget;
			buildConfigurationList = 995BEF291C2984D3001F8518 /* Build configuration list for PBXNativeTarget "mediawaveUITests" */;
			buildPhases = (
				995BEF161C2984D3001F8518 /* Sources */,
				995BEF171C2984D3001F8518 /* Frameworks */,
				995BEF181C2984D3001F8518 /* Resources */,
			);
			buildRules = (
			);
			dependencies = (
				995BEF1C1C2984D3001F8518 /* PBXTargetDependency */,
			);
			name = mediawaveUITests;
			productName = mediawaveUITests;
			productReference = 995BEF1A1C2984D3001F8518 /* mediawaveUITests.xctest */;
			productType = "com.apple.product-type.bundle.ui-testing";
		};
/* End PBXNativeTarget section */

/* Begin PBXProject section */
		995BEEF31C2984D3001F8518 /* Project object */ = {
			isa = PBXProject;
			attributes = {
				LastSwiftUpdateCheck = 0720;
				LastUpgradeCheck = 0720;
				ORGANIZATIONNAME = "George Zinyakov";
				TargetAttributes = {
					995BEEFA1C2984D3001F8518 = {
						CreatedOnToolsVersion = 7.2;
						DevelopmentTeam = L738KA9SZ5;
						SystemCapabilities = {
							com.apple.BackgroundModes = {
								enabled = 1;
							};
						};
					};
					995BEF0E1C2984D3001F8518 = {
						CreatedOnToolsVersion = 7.2;
						DevelopmentTeam = L738KA9SZ5;
						TestTargetID = 995BEEFA1C2984D3001F8518;
					};
					995BEF191C2984D3001F8518 = {
						CreatedOnToolsVersion = 7.2;
						DevelopmentTeam = L738KA9SZ5;
						TestTargetID = 995BEEFA1C2984D3001F8518;
					};
				};
			};
			buildConfigurationList = 995BEEF61C2984D3001F8518 /* Build configuration list for PBXProject "mediawave" */;
			compatibilityVersion = "Xcode 3.2";
			developmentRegion = English;
			hasScannedForEncodings = 0;
			knownRegions = (
				en,
				Base,
				ru,
				uk,
			);
			mainGroup = 995BEEF21C2984D3001F8518;
			productRefGroup = 995BEEFC1C2984D3001F8518 /* Products */;
			projectDirPath = "";
			projectRoot = "";
			targets = (
				995BEEFA1C2984D3001F8518 /* mediawave */,
				995BEF0E1C2984D3001F8518 /* mediawaveTests */,
				995BEF191C2984D3001F8518 /* mediawaveUITests */,
			);
		};
/* End PBXProject section */

/* Begin PBXResourcesBuildPhase section */
		995BEEF91C2984D3001F8518 /* Resources */ = {
			isa = PBXResourcesBuildPhase;
			buildActionMask = 2147483647;
			files = (
				999BAFBE1CA95BB800A2F8F7 /* GZAlertTableViewCell.xib in Resources */,
				999BAFC21CA96E9700A2F8F7 /* GZLoaderTableViewCell.xib in Resources */,
				995C9D261C4C0F4B0015CE93 /* GZtrackSimpleCell.xib in Resources */,
				995BEF091C2984D3001F8518 /* LaunchScreen.storyboard in Resources */,
				99F6EE5B1C42FD55000E4D77 /* GZTagCollectionViewCell.xib in Resources */,
				99F6EE471C3E77F1000E4D77 /* trackAdvancedCell.xib in Resources */,
				995C9D1D1C49A3990015CE93 /* GZPlaylistTableViewCell.xib in Resources */,
				99B07E841CB71F3400792BA1 /* Localizable.strings in Resources */,
				998F8F5B1C6506E5000790DC /* Assets.xcassets in Resources */,
				995BEF041C2984D3001F8518 /* Main.storyboard in Resources */,
				99209F761CADDD26003DB829 /* GZDescriptionTableViewCell.xib in Resources */,
			);
			runOnlyForDeploymentPostprocessing = 0;
		};
		995BEF0D1C2984D3001F8518 /* Resources */ = {
			isa = PBXResourcesBuildPhase;
			buildActionMask = 2147483647;
			files = (
			);
			runOnlyForDeploymentPostprocessing = 0;
		};
		995BEF181C2984D3001F8518 /* Resources */ = {
			isa = PBXResourcesBuildPhase;
			buildActionMask = 2147483647;
			files = (
			);
			runOnlyForDeploymentPostprocessing = 0;
		};
/* End PBXResourcesBuildPhase section */

/* Begin PBXShellScriptBuildPhase section */
		034D73069997C045A5E1484A /* [CP] Embed Pods Frameworks */ = {
			isa = PBXShellScriptBuildPhase;
			buildActionMask = 2147483647;
			files = (
			);
			inputPaths = (
			);
			name = "[CP] Embed Pods Frameworks";
			outputPaths = (
			);
			runOnlyForDeploymentPostprocessing = 0;
			shellPath = /bin/sh;
			shellScript = "\"${SRCROOT}/Pods/Target Support Files/Pods-mediawave/Pods-mediawave-frameworks.sh\"\n";
			showEnvVarsInLog = 0;
		};
		56098049B0C29C67E2CB3574 /* [CP] Check Pods Manifest.lock */ = {
			isa = PBXShellScriptBuildPhase;
			buildActionMask = 2147483647;
			files = (
			);
			inputPaths = (
				"${PODS_PODFILE_DIR_PATH}/Podfile.lock",
				"${PODS_ROOT}/Manifest.lock",
			);
			name = "[CP] Check Pods Manifest.lock";
			outputPaths = (
				"$(DERIVED_FILE_DIR)/Pods-mediawave-checkManifestLockResult.txt",
			);
			runOnlyForDeploymentPostprocessing = 0;
			shellPath = /bin/sh;
			shellScript = "diff \"${PODS_PODFILE_DIR_PATH}/Podfile.lock\" \"${PODS_ROOT}/Manifest.lock\" > /dev/null\nif [ $? != 0 ] ; then\n    # print error to STDERR\n    echo \"error: The sandbox is not in sync with the Podfile.lock. Run 'pod install' or update your CocoaPods installation.\" >&2\n    exit 1\nfi\n# This output is used by Xcode 'outputs' to avoid re-running this script phase.\necho \"SUCCESS\" > \"${SCRIPT_OUTPUT_FILE_0}\"\n";
			showEnvVarsInLog = 0;
		};
		7DAD14760480A5D48B086827 /* [CP] Copy Pods Resources */ = {
			isa = PBXShellScriptBuildPhase;
			buildActionMask = 2147483647;
			files = (
			);
			inputPaths = (
				"${SRCROOT}/Pods/Target Support Files/Pods-mediawave/Pods-mediawave-resources.sh",
				"${PODS_ROOT}/youtube-ios-player-helper/youtube-ios-player-helper/Assets.bundle",
			);
			name = "[CP] Copy Pods Resources";
			outputPaths = (
				"${TARGET_BUILD_DIR}/${UNLOCALIZED_RESOURCES_FOLDER_PATH}",
			);
			runOnlyForDeploymentPostprocessing = 0;
			shellPath = /bin/sh;
			shellScript = "\"${SRCROOT}/Pods/Target Support Files/Pods-mediawave/Pods-mediawave-resources.sh\"\n";
			showEnvVarsInLog = 0;
		};
		995DD2A91D0F59B600FC31CD /* ShellScript */ = {
			isa = PBXShellScriptBuildPhase;
			buildActionMask = 2147483647;
			files = (
			);
			inputPaths = (
			);
			outputPaths = (
			);
			runOnlyForDeploymentPostprocessing = 0;
			shellPath = /bin/sh;
			shellScript = "./Fabric.framework/run 49c9d42d72e2cf59bbcc5b23ddbb5731a0c4736f 3b5eadf37bcb5b59bcc9c1e310a4c22e6b22453d6f09cc5192a20574cd8b1fca";
		};
/* End PBXShellScriptBuildPhase section */

/* Begin PBXSourcesBuildPhase section */
		995BEEF71C2984D3001F8518 /* Sources */ = {
			isa = PBXSourcesBuildPhase;
			buildActionMask = 2147483647;
			files = (
				9910F2741C7379C30091E4F8 /* GZArtistManager.swift in Sources */,
				99E9C1351C8F3343008619A4 /* GZdownloadPlaylistsBySelectedTags.swift in Sources */,
				99F00D881C99A33600FEF016 /* kGZConstants.swift in Sources */,
				990837571C9C1209003CA0C0 /* GZQueueManager.swift in Sources */,
				995CF7841C380074002D9776 /* GZSearchResultsController.swift in Sources */,
				999212BE1C4563DE006649EB /* GZTagsSelectViewController.swift in Sources */,
				992539AD1C6DEB9D004100BF /* GZMediaData.xcdatamodeld in Sources */,
				999149A71C4C1083005719FD /* GZTrackSimpleTableViewCell.swift in Sources */,
				99F5D13E1C6796AF0068D4AF /* GZTabBarController.swift in Sources */,
				99209FAF1CB26B6D003DB829 /* GZSearchCacheFabric.swift in Sources */,
				99209FB11CB26C2B003DB829 /* GZSearchCache.swift in Sources */,
				999149A91C4E61B2005719FD /* GZAlbumController.swift in Sources */,
				995C9D1F1C49AA100015CE93 /* GZPlaylistTableViewCell.swift in Sources */,
				9910F26C1C736C6B0091E4F8 /* GZTracksManager.swift in Sources */,
				9910F2621C708DA40091E4F8 /* GZAlbum.swift in Sources */,
				99C9DD7D1C98211C00E51450 /* GZdownloadLastfmAlbumsByMbID.swift in Sources */,
				99F6EE491C3EB208000E4D77 /* GZtrackAdvancedCellTableViewCell.swift in Sources */,
				9910F2761C737BA10091E4F8 /* GZAlbumManager.swift in Sources */,
				999BAFC41CA96FDC00A2F8F7 /* GZLoaderTableViewCell.swift in Sources */,
				999BAFC01CA95E0000A2F8F7 /* GZAlertTableViewCell.swift in Sources */,
				995CF7861C3828EF002D9776 /* GZSearchViewController.swift in Sources */,
				99F6EE5D1C42FDB5000E4D77 /* GZTagCollectionViewCell.swift in Sources */,
				999BAFBC1CA951A000A2F8F7 /* GZTableViewManager.swift in Sources */,
				995244FC1C6518B100A1A279 /* GZFeedViewController.swift in Sources */,
				99F6EE541C3FF373000E4D77 /* GZLFObject.swift in Sources */,
				995BEEFF1C2984D3001F8518 /* AppDelegate.swift in Sources */,
				995C9D221C4A4DB70015CE93 /* GZTracklistViewController.swift in Sources */,
				995BEF2D1C298519001F8518 /* GZAPI_Wrapper.swift in Sources */,
				99209FAC1CB26840003DB829 /* GZCacheManager.swift in Sources */,
				9910F25E1C7089A20091E4F8 /* GZTrack.swift in Sources */,
				9960E8951C9815A000C52CC4 /* GZdownloadLastfmAlbumsByQuery.swift in Sources */,
				9910F2641C708E8C0091E4F8 /* GZPlaylist.swift in Sources */,
				995C9D241C4A4F1A0015CE93 /* GZTrackViewController.swift in Sources */,
				990837591C9C1F2A003CA0C0 /* GZdownloadLastfmArtistsInfoByMbID.swift in Sources */,
				998BB6001C96BBDC00916A1A /* GZdownloadLastfmArtistsByQuery.swift in Sources */,
				99AD26621C299C8D00A2CCA6 /* SwiftyJSON.swift in Sources */,
				99F6EE561C4297C5000E4D77 /* GZArtistDetails.swift in Sources */,
				99E9A6891C9F08CB00657201 /* GZdownloadTracksYTMediaByQuery.swift in Sources */,
				995C9D191C491C100015CE93 /* GZLFTag.swift in Sources */,
				99FCEB611CA58AA00087139F /* GZDescriptionTableViewCell.swift in Sources */,
				9933891A1C983513003481E7 /* GZdownloadLastfmTracksByMbID.swift in Sources */,
				9910F2601C708BB50091E4F8 /* GZArtist.swift in Sources */,
				993389181C982ECC003481E7 /* GZdownloadLastfmTracksByQuery.swift in Sources */,
				9910F26A1C73600D0091E4F8 /* GZPlaylistManager.swift in Sources */,
				9933891C1C986BCD003481E7 /* GZdownloadPlaylistItemsByID.swift in Sources */,
				99E9A68B1CA2A53000657201 /* GZdownloadLastfmTracksByAlbumMbID.swift in Sources */,
			);
			runOnlyForDeploymentPostprocessing = 0;
		};
		995BEF0B1C2984D3001F8518 /* Sources */ = {
			isa = PBXSourcesBuildPhase;
			buildActionMask = 2147483647;
			files = (
				995BEF141C2984D3001F8518 /* mediawaveTests.swift in Sources */,
			);
			runOnlyForDeploymentPostprocessing = 0;
		};
		995BEF161C2984D3001F8518 /* Sources */ = {
			isa = PBXSourcesBuildPhase;
			buildActionMask = 2147483647;
			files = (
				995BEF1F1C2984D3001F8518 /* mediawaveUITests.swift in Sources */,
			);
			runOnlyForDeploymentPostprocessing = 0;
		};
/* End PBXSourcesBuildPhase section */

/* Begin PBXTargetDependency section */
		995BEF111C2984D3001F8518 /* PBXTargetDependency */ = {
			isa = PBXTargetDependency;
			target = 995BEEFA1C2984D3001F8518 /* mediawave */;
			targetProxy = 995BEF101C2984D3001F8518 /* PBXContainerItemProxy */;
		};
		995BEF1C1C2984D3001F8518 /* PBXTargetDependency */ = {
			isa = PBXTargetDependency;
			target = 995BEEFA1C2984D3001F8518 /* mediawave */;
			targetProxy = 995BEF1B1C2984D3001F8518 /* PBXContainerItemProxy */;
		};
/* End PBXTargetDependency section */

/* Begin PBXVariantGroup section */
		995BEF021C2984D3001F8518 /* Main.storyboard */ = {
			isa = PBXVariantGroup;
			children = (
				995BEF031C2984D3001F8518 /* Base */,
				99B07E831CB71EE400792BA1 /* ru */,
				99F3BBD81CBE789F00B3714B /* uk */,
			);
			name = Main.storyboard;
			sourceTree = "<group>";
		};
		995BEF071C2984D3001F8518 /* LaunchScreen.storyboard */ = {
			isa = PBXVariantGroup;
			children = (
				995BEF081C2984D3001F8518 /* Base */,
				99B07E821CB71EE400792BA1 /* ru */,
				99F3BBD71CBE789E00B3714B /* uk */,
			);
			name = LaunchScreen.storyboard;
			sourceTree = "<group>";
		};
		99B07E861CB71F3400792BA1 /* Localizable.strings */ = {
			isa = PBXVariantGroup;
			children = (
				99B07E871CB71F3A00792BA1 /* en */,
				99B07E881CB71F7F00792BA1 /* ru */,
				99F3BBD91CBE789F00B3714B /* uk */,
			);
			name = Localizable.strings;
			sourceTree = "<group>";
		};
/* End PBXVariantGroup section */

/* Begin XCBuildConfiguration section */
		995BEF211C2984D3001F8518 /* Debug */ = {
			isa = XCBuildConfiguration;
			buildSettings = {
				ALWAYS_SEARCH_USER_PATHS = NO;
				CLANG_CXX_LANGUAGE_STANDARD = "gnu++0x";
				CLANG_CXX_LIBRARY = "libc++";
				CLANG_ENABLE_MODULES = YES;
				CLANG_ENABLE_OBJC_ARC = YES;
				CLANG_WARN_BOOL_CONVERSION = YES;
				CLANG_WARN_CONSTANT_CONVERSION = YES;
				CLANG_WARN_DIRECT_OBJC_ISA_USAGE = YES_ERROR;
				CLANG_WARN_EMPTY_BODY = YES;
				CLANG_WARN_ENUM_CONVERSION = YES;
				CLANG_WARN_INT_CONVERSION = YES;
				CLANG_WARN_OBJC_ROOT_CLASS = YES_ERROR;
				CLANG_WARN_UNREACHABLE_CODE = YES;
				CLANG_WARN__DUPLICATE_METHOD_MATCH = YES;
				"CODE_SIGN_IDENTITY[sdk=iphoneos*]" = "iPhone Developer";
				COPY_PHASE_STRIP = NO;
				DEBUG_INFORMATION_FORMAT = dwarf;
				ENABLE_STRICT_OBJC_MSGSEND = YES;
				ENABLE_TESTABILITY = YES;
				GCC_C_LANGUAGE_STANDARD = gnu99;
				GCC_DYNAMIC_NO_PIC = NO;
				GCC_NO_COMMON_BLOCKS = YES;
				GCC_OPTIMIZATION_LEVEL = 0;
				GCC_PREPROCESSOR_DEFINITIONS = (
					"DEBUG=1",
					"$(inherited)",
				);
				GCC_WARN_64_TO_32_BIT_CONVERSION = YES;
				GCC_WARN_ABOUT_RETURN_TYPE = YES_ERROR;
				GCC_WARN_UNDECLARED_SELECTOR = YES;
				GCC_WARN_UNINITIALIZED_AUTOS = YES_AGGRESSIVE;
				GCC_WARN_UNUSED_FUNCTION = YES;
				GCC_WARN_UNUSED_VARIABLE = YES;
				IPHONEOS_DEPLOYMENT_TARGET = 8.4;
				MTL_ENABLE_DEBUG_INFO = YES;
				ONLY_ACTIVE_ARCH = YES;
				SDKROOT = iphoneos;
				SWIFT_OBJC_BRIDGING_HEADER = "";
				SWIFT_OPTIMIZATION_LEVEL = "-Onone";
			};
			name = Debug;
		};
		995BEF221C2984D3001F8518 /* Release */ = {
			isa = XCBuildConfiguration;
			buildSettings = {
				ALWAYS_SEARCH_USER_PATHS = NO;
				CLANG_CXX_LANGUAGE_STANDARD = "gnu++0x";
				CLANG_CXX_LIBRARY = "libc++";
				CLANG_ENABLE_MODULES = YES;
				CLANG_ENABLE_OBJC_ARC = YES;
				CLANG_WARN_BOOL_CONVERSION = YES;
				CLANG_WARN_CONSTANT_CONVERSION = YES;
				CLANG_WARN_DIRECT_OBJC_ISA_USAGE = YES_ERROR;
				CLANG_WARN_EMPTY_BODY = YES;
				CLANG_WARN_ENUM_CONVERSION = YES;
				CLANG_WARN_INT_CONVERSION = YES;
				CLANG_WARN_OBJC_ROOT_CLASS = YES_ERROR;
				CLANG_WARN_UNREACHABLE_CODE = YES;
				CLANG_WARN__DUPLICATE_METHOD_MATCH = YES;
				"CODE_SIGN_IDENTITY[sdk=iphoneos*]" = "iPhone Developer";
				COPY_PHASE_STRIP = NO;
				DEBUG_INFORMATION_FORMAT = "dwarf-with-dsym";
				ENABLE_NS_ASSERTIONS = NO;
				ENABLE_STRICT_OBJC_MSGSEND = YES;
				GCC_C_LANGUAGE_STANDARD = gnu99;
				GCC_NO_COMMON_BLOCKS = YES;
				GCC_WARN_64_TO_32_BIT_CONVERSION = YES;
				GCC_WARN_ABOUT_RETURN_TYPE = YES_ERROR;
				GCC_WARN_UNDECLARED_SELECTOR = YES;
				GCC_WARN_UNINITIALIZED_AUTOS = YES_AGGRESSIVE;
				GCC_WARN_UNUSED_FUNCTION = YES;
				GCC_WARN_UNUSED_VARIABLE = YES;
				IPHONEOS_DEPLOYMENT_TARGET = 8.4;
				MTL_ENABLE_DEBUG_INFO = NO;
				SDKROOT = iphoneos;
				SWIFT_OBJC_BRIDGING_HEADER = "";
				VALIDATE_PRODUCT = YES;
			};
			name = Release;
		};
		995BEF241C2984D3001F8518 /* Debug */ = {
			isa = XCBuildConfiguration;
			baseConfigurationReference = 9E6E65502EB56598ACD9D489 /* Pods-mediawave.debug.xcconfig */;
			buildSettings = {
				ASSETCATALOG_COMPILER_APPICON_NAME = AppIcon;
				CLANG_ENABLE_MODULES = YES;
				FRAMEWORK_SEARCH_PATHS = (
					"$(inherited)",
					"$(PROJECT_DIR)",
				);
				INFOPLIST_FILE = mediawave/Info.plist;
				LD_RUNPATH_SEARCH_PATHS = "$(inherited) @executable_path/Frameworks";
				PRODUCT_BUNDLE_IDENTIFIER = com.zinyakov.mediawave;
				PRODUCT_NAME = "Media Wave";
				SWIFT_OBJC_BRIDGING_HEADER = "mediawave/mediawave-Bridging-Header.h";
				SWIFT_OPTIMIZATION_LEVEL = "-Onone";
				SWIFT_VERSION = 3.0;
				TARGETED_DEVICE_FAMILY = 1;
				USER_HEADER_SEARCH_PATHS = "${PROJECT_DIR}/lib";
			};
			name = Debug;
		};
		995BEF251C2984D3001F8518 /* Release */ = {
			isa = XCBuildConfiguration;
			baseConfigurationReference = 651CEF47A671DDCEA6A2CADC /* Pods-mediawave.release.xcconfig */;
			buildSettings = {
				ASSETCATALOG_COMPILER_APPICON_NAME = AppIcon;
				CLANG_ENABLE_MODULES = YES;
				FRAMEWORK_SEARCH_PATHS = (
					"$(inherited)",
					"$(PROJECT_DIR)",
				);
				INFOPLIST_FILE = mediawave/Info.plist;
				LD_RUNPATH_SEARCH_PATHS = "$(inherited) @executable_path/Frameworks";
				PRODUCT_BUNDLE_IDENTIFIER = com.zinyakov.mediawave;
				PRODUCT_NAME = "Media Wave";
				SWIFT_OBJC_BRIDGING_HEADER = "mediawave/mediawave-Bridging-Header.h";
				SWIFT_VERSION = 3.0;
				TARGETED_DEVICE_FAMILY = 1;
				USER_HEADER_SEARCH_PATHS = "${PROJECT_DIR}/lib";
			};
			name = Release;
		};
		995BEF271C2984D3001F8518 /* Debug */ = {
			isa = XCBuildConfiguration;
			buildSettings = {
				BUNDLE_LOADER = "$(TEST_HOST)";
				INFOPLIST_FILE = mediawaveTests/Info.plist;
				LD_RUNPATH_SEARCH_PATHS = "$(inherited) @executable_path/Frameworks @loader_path/Frameworks";
				PRODUCT_BUNDLE_IDENTIFIER = Zinyakov.mediawaveTests;
				PRODUCT_NAME = "$(TARGET_NAME)";
				TEST_HOST = "$(BUILT_PRODUCTS_DIR)/mediawave.app/mediawave";
			};
			name = Debug;
		};
		995BEF281C2984D3001F8518 /* Release */ = {
			isa = XCBuildConfiguration;
			buildSettings = {
				BUNDLE_LOADER = "$(TEST_HOST)";
				INFOPLIST_FILE = mediawaveTests/Info.plist;
				LD_RUNPATH_SEARCH_PATHS = "$(inherited) @executable_path/Frameworks @loader_path/Frameworks";
				PRODUCT_BUNDLE_IDENTIFIER = Zinyakov.mediawaveTests;
				PRODUCT_NAME = "$(TARGET_NAME)";
				TEST_HOST = "$(BUILT_PRODUCTS_DIR)/mediawave.app/mediawave";
			};
			name = Release;
		};
		995BEF2A1C2984D3001F8518 /* Debug */ = {
			isa = XCBuildConfiguration;
			buildSettings = {
				INFOPLIST_FILE = mediawaveUITests/Info.plist;
				LD_RUNPATH_SEARCH_PATHS = "$(inherited) @executable_path/Frameworks @loader_path/Frameworks";
				PRODUCT_BUNDLE_IDENTIFIER = Zinyakov.mediawaveUITests;
				PRODUCT_NAME = "$(TARGET_NAME)";
				TEST_TARGET_NAME = mediawave;
				USES_XCTRUNNER = YES;
			};
			name = Debug;
		};
		995BEF2B1C2984D3001F8518 /* Release */ = {
			isa = XCBuildConfiguration;
			buildSettings = {
				INFOPLIST_FILE = mediawaveUITests/Info.plist;
				LD_RUNPATH_SEARCH_PATHS = "$(inherited) @executable_path/Frameworks @loader_path/Frameworks";
				PRODUCT_BUNDLE_IDENTIFIER = Zinyakov.mediawaveUITests;
				PRODUCT_NAME = "$(TARGET_NAME)";
				TEST_TARGET_NAME = mediawave;
				USES_XCTRUNNER = YES;
			};
			name = Release;
		};
/* End XCBuildConfiguration section */

/* Begin XCConfigurationList section */
		995BEEF61C2984D3001F8518 /* Build configuration list for PBXProject "mediawave" */ = {
			isa = XCConfigurationList;
			buildConfigurations = (
				995BEF211C2984D3001F8518 /* Debug */,
				995BEF221C2984D3001F8518 /* Release */,
			);
			defaultConfigurationIsVisible = 0;
			defaultConfigurationName = Release;
		};
		995BEF231C2984D3001F8518 /* Build configuration list for PBXNativeTarget "mediawave" */ = {
			isa = XCConfigurationList;
			buildConfigurations = (
				995BEF241C2984D3001F8518 /* Debug */,
				995BEF251C2984D3001F8518 /* Release */,
			);
			defaultConfigurationIsVisible = 0;
			defaultConfigurationName = Release;
		};
		995BEF261C2984D3001F8518 /* Build configuration list for PBXNativeTarget "mediawaveTests" */ = {
			isa = XCConfigurationList;
			buildConfigurations = (
				995BEF271C2984D3001F8518 /* Debug */,
				995BEF281C2984D3001F8518 /* Release */,
			);
			defaultConfigurationIsVisible = 0;
			defaultConfigurationName = Release;
		};
		995BEF291C2984D3001F8518 /* Build configuration list for PBXNativeTarget "mediawaveUITests" */ = {
			isa = XCConfigurationList;
			buildConfigurations = (
				995BEF2A1C2984D3001F8518 /* Debug */,
				995BEF2B1C2984D3001F8518 /* Release */,
			);
			defaultConfigurationIsVisible = 0;
			defaultConfigurationName = Release;
		};
/* End XCConfigurationList section */

/* Begin XCVersionGroup section */
		992539AB1C6DEB9D004100BF /* GZMediaData.xcdatamodeld */ = {
			isa = XCVersionGroup;
			children = (
				992539AC1C6DEB9D004100BF /* GZMediaData.xcdatamodel */,
			);
			currentVersion = 992539AC1C6DEB9D004100BF /* GZMediaData.xcdatamodel */;
			path = GZMediaData.xcdatamodeld;
			sourceTree = "<group>";
			versionGroupType = wrapper.xcdatamodel;
		};
/* End XCVersionGroup section */
	};
	rootObject = 995BEEF31C2984D3001F8518 /* Project object */;
}
